
Microsoft Visual Studio Solution File, Format Version 12.00
# Visual Studio 15
VisualStudioVersion = 15.0.28307.168
MinimumVisualStudioVersion = 10.0.40219.1
Project("{9A19103F-16F7-4668-BE54-9A1E7A4F7556}") = "ATMApplication", "ATMApplication\ATMApplication.csproj", "{00BF4713-C8C5-473F-BFB7-E81BA0CCC721}"
EndProject
Project("{9A19103F-16F7-4668-BE54-9A1E7A4F7556}") = "ATMApplication.Tests", "TestATMApplication\ATMApplication.Tests.csproj", "{F154CB81-79F2-4A14-A7D4-CF93ED5D7B78}"
EndProject
Global
	GlobalSection(SolutionConfigurationPlatforms) = preSolution
		Debug|Any CPU = Debug|Any CPU
		Release|Any CPU = Release|Any CPU
	EndGlobalSection
	GlobalSection(ProjectConfigurationPlatforms) = postSolution
		{00BF4713-C8C5-473F-BFB7-E81BA0CCC721}.Debug|Any CPU.ActiveCfg = Debug|Any CPU
		{00BF4713-C8C5-473F-BFB7-E81BA0CCC721}.Debug|Any CPU.Build.0 = Debug|Any CPU
		{00BF4713-C8C5-473F-BFB7-E81BA0CCC721}.Release|Any CPU.ActiveCfg = Release|Any CPU
		{00BF4713-C8C5-473F-BFB7-E81BA0CCC721}.Release|Any CPU.Build.0 = Release|Any CPU
		{F154CB81-79F2-4A14-A7D4-CF93ED5D7B78}.Debug|Any CPU.ActiveCfg = Debug|Any CPU
		{F154CB81-79F2-4A14-A7D4-CF93ED5D7B78}.Debug|Any CPU.Build.0 = Debug|Any CPU
		{F154CB81-79F2-4A14-A7D4-CF93ED5D7B78}.Release|Any CPU.ActiveCfg = Release|Any CPU
		{F154CB81-79F2-4A14-A7D4-CF93ED5D7B78}.Release|Any CPU.Build.0 = Release|Any CPU
	EndGlobalSection
	GlobalSection(SolutionProperties) = preSolution
		HideSolutionNode = FALSE
	EndGlobalSection
	GlobalSection(ExtensibilityGlobals) = postSolution
		SolutionGuid = {1F6466D5-DBE3-43E5-9F8D-60680425738B}
	EndGlobalSection
EndGlobal
